
Microsoft Visual Studio Solution File, Format Version 12.00
# Visual Studio 15
VisualStudioVersion = 15.0.27703.2047
MinimumVisualStudioVersion = 10.0.40219.1
Project("{FAE04EC0-301F-11D3-BF4B-00C04F79EFBC}") = "ConsoleHelloWorldCore", "ConsoleHelloWorldCore\ConsoleHelloWorldCore.csproj", "{A85C6B76-AC82-409A-96F0-82249C51BC8F}"
EndProject
Global
	GlobalSection(SolutionConfigurationPlatforms) = preSolution
		Debug|Any CPU = Debug|Any CPU
		Release|Any CPU = Release|Any CPU
	EndGlobalSection
	GlobalSection(ProjectConfigurationPlatforms) = postSolution
		{A85C6B76-AC82-409A-96F0-82249C51BC8F}.Debug|Any CPU.ActiveCfg = Debug|Any CPU
		{A85C6B76-AC82-409A-96F0-82249C51BC8F}.Debug|Any CPU.Build.0 = Debug|Any CPU
		{A85C6B76-AC82-409A-96F0-82249C51BC8F}.Release|Any CPU.ActiveCfg = Release|Any CPU
		{A85C6B76-AC82-409A-96F0-82249C51BC8F}.Release|Any CPU.Build.0 = Release|Any CPU
	EndGlobalSection
	GlobalSection(SolutionProperties) = preSolution
		HideSolutionNode = FALSE
	EndGlobalSection
	GlobalSection(ExtensibilityGlobals) = postSolution
		SolutionGuid = {3A16E98C-9259-45D7-A5CC-415AB83622ED}
	EndGlobalSection
EndGlobal
