
Microsoft Visual Studio Solution File, Format Version 12.00
# Visual Studio 15
VisualStudioVersion = 15.0.27703.2047
MinimumVisualStudioVersion = 10.0.40219.1
Project("{FAE04EC0-301F-11D3-BF4B-00C04F79EFBC}") = "WindowsFormsHelloWorld", "WindowsFormsHelloWorld\WindowsFormsHelloWorld.csproj", "{666ED6BD-D81F-49A8-9268-348886DD7C22}"
EndProject
Global
	GlobalSection(SolutionConfigurationPlatforms) = preSolution
		Debug|Any CPU = Debug|Any CPU
		Release|Any CPU = Release|Any CPU
	EndGlobalSection
	GlobalSection(ProjectConfigurationPlatforms) = postSolution
		{666ED6BD-D81F-49A8-9268-348886DD7C22}.Debug|Any CPU.ActiveCfg = Debug|Any CPU
		{666ED6BD-D81F-49A8-9268-348886DD7C22}.Debug|Any CPU.Build.0 = Debug|Any CPU
		{666ED6BD-D81F-49A8-9268-348886DD7C22}.Release|Any CPU.ActiveCfg = Release|Any CPU
		{666ED6BD-D81F-49A8-9268-348886DD7C22}.Release|Any CPU.Build.0 = Release|Any CPU
	EndGlobalSection
	GlobalSection(SolutionProperties) = preSolution
		HideSolutionNode = FALSE
	EndGlobalSection
	GlobalSection(ExtensibilityGlobals) = postSolution
		SolutionGuid = {D9368F77-83DF-4ED3-9F66-FBF394F65AFB}
	EndGlobalSection
EndGlobal
