
Microsoft Visual Studio Solution File, Format Version 12.00
# Visual Studio 15
VisualStudioVersion = 15.0.27703.2047
MinimumVisualStudioVersion = 10.0.40219.1
Project("{FAE04EC0-301F-11D3-BF4B-00C04F79EFBC}") = "ClassLibraryNetStandard", "ClassLibraryNetStandard\ClassLibraryNetStandard.csproj", "{AF69F5B7-E12A-449F-A2B6-5D3802FA31DD}"
EndProject
Project("{FAE04EC0-301F-11D3-BF4B-00C04F79EFBC}") = "ConsoleAppTest", "ConsoleAppTest\ConsoleAppTest.csproj", "{B3C76847-4E8D-4089-AA99-5EA09B1F3602}"
EndProject
Global
	GlobalSection(SolutionConfigurationPlatforms) = preSolution
		Debug|Any CPU = Debug|Any CPU
		Release|Any CPU = Release|Any CPU
	EndGlobalSection
	GlobalSection(ProjectConfigurationPlatforms) = postSolution
		{AF69F5B7-E12A-449F-A2B6-5D3802FA31DD}.Debug|Any CPU.ActiveCfg = Debug|Any CPU
		{AF69F5B7-E12A-449F-A2B6-5D3802FA31DD}.Debug|Any CPU.Build.0 = Debug|Any CPU
		{AF69F5B7-E12A-449F-A2B6-5D3802FA31DD}.Release|Any CPU.ActiveCfg = Release|Any CPU
		{AF69F5B7-E12A-449F-A2B6-5D3802FA31DD}.Release|Any CPU.Build.0 = Release|Any CPU
		{B3C76847-4E8D-4089-AA99-5EA09B1F3602}.Debug|Any CPU.ActiveCfg = Debug|Any CPU
		{B3C76847-4E8D-4089-AA99-5EA09B1F3602}.Debug|Any CPU.Build.0 = Debug|Any CPU
		{B3C76847-4E8D-4089-AA99-5EA09B1F3602}.Release|Any CPU.ActiveCfg = Release|Any CPU
		{B3C76847-4E8D-4089-AA99-5EA09B1F3602}.Release|Any CPU.Build.0 = Release|Any CPU
	EndGlobalSection
	GlobalSection(SolutionProperties) = preSolution
		HideSolutionNode = FALSE
	EndGlobalSection
	GlobalSection(ExtensibilityGlobals) = postSolution
		SolutionGuid = {1F7BAC64-9945-4A10-B7DA-BC990BF2B310}
	EndGlobalSection
EndGlobal
