
Microsoft Visual Studio Solution File, Format Version 12.00
# Visual Studio 15
VisualStudioVersion = 15.0.27703.2047
MinimumVisualStudioVersion = 10.0.40219.1
Project("{FAE04EC0-301F-11D3-BF4B-00C04F79EFBC}") = "AppHelloAndroid", "AppHelloAndroid\AppHelloAndroid.csproj", "{7822049E-540D-4650-9209-B64A732F9C3A}"
EndProject
Global
	GlobalSection(SolutionConfigurationPlatforms) = preSolution
		Debug|Any CPU = Debug|Any CPU
		Release|Any CPU = Release|Any CPU
	EndGlobalSection
	GlobalSection(ProjectConfigurationPlatforms) = postSolution
		{7822049E-540D-4650-9209-B64A732F9C3A}.Debug|Any CPU.ActiveCfg = Debug|Any CPU
		{7822049E-540D-4650-9209-B64A732F9C3A}.Debug|Any CPU.Build.0 = Debug|Any CPU
		{7822049E-540D-4650-9209-B64A732F9C3A}.Debug|Any CPU.Deploy.0 = Debug|Any CPU
		{7822049E-540D-4650-9209-B64A732F9C3A}.Release|Any CPU.ActiveCfg = Release|Any CPU
		{7822049E-540D-4650-9209-B64A732F9C3A}.Release|Any CPU.Build.0 = Release|Any CPU
		{7822049E-540D-4650-9209-B64A732F9C3A}.Release|Any CPU.Deploy.0 = Release|Any CPU
	EndGlobalSection
	GlobalSection(SolutionProperties) = preSolution
		HideSolutionNode = FALSE
	EndGlobalSection
	GlobalSection(ExtensibilityGlobals) = postSolution
		SolutionGuid = {F55BA6DC-819D-443F-9775-26B25E61A137}
	EndGlobalSection
EndGlobal
